// !$*UTF8*$!
{
	archiveVersion = 1;
	classes = {
	};
	objectVersion = 55;
	objects = {

/* Begin PBXBuildFile section */
		461DFD4927F6A0A2001ADBE0 /* AppDelegate.swift in Sources */ = {isa = PBXBuildFile; fileRef = 461DFD4827F6A0A2001ADBE0 /* AppDelegate.swift */; };
		461DFD4B27F6A0A2001ADBE0 /* SceneDelegate.swift in Sources */ = {isa = PBXBuildFile; fileRef = 461DFD4A27F6A0A2001ADBE0 /* SceneDelegate.swift */; };
		461DFD5027F6A0A2001ADBE0 /* Main.storyboard in Resources */ = {isa = PBXBuildFile; fileRef = 461DFD4E27F6A0A2001ADBE0 /* Main.storyboard */; };
		461DFD5227F6A0A4001ADBE0 /* Assets.xcassets in Resources */ = {isa = PBXBuildFile; fileRef = 461DFD5127F6A0A4001ADBE0 /* Assets.xcassets */; };
		461DFD5527F6A0A4001ADBE0 /* LaunchScreen.storyboard in Resources */ = {isa = PBXBuildFile; fileRef = 461DFD5327F6A0A4001ADBE0 /* LaunchScreen.storyboard */; };
		46E4D02927F6A4D90096D9CB /* LoginVC.swift in Sources */ = {isa = PBXBuildFile; fileRef = 46E4D02827F6A4D90096D9CB /* LoginVC.swift */; };
		46E4D02C27F6A6B60096D9CB /* ScaleFactor.swift in Sources */ = {isa = PBXBuildFile; fileRef = 46E4D02B27F6A6B60096D9CB /* ScaleFactor.swift */; };
		46E4D03027F6BB8D0096D9CB /* TextFieldExt.swift in Sources */ = {isa = PBXBuildFile; fileRef = 46E4D02F27F6BB8D0096D9CB /* TextFieldExt.swift */; };
		46E4D03227F6BC630096D9CB /* RegisterVC.swift in Sources */ = {isa = PBXBuildFile; fileRef = 46E4D03127F6BC630096D9CB /* RegisterVC.swift */; };
		46E4D03427F6C03E0096D9CB /* GroceryItem.swift in Sources */ = {isa = PBXBuildFile; fileRef = 46E4D03327F6C03E0096D9CB /* GroceryItem.swift */; };
		46E4D03627F6C0480096D9CB /* User.swift in Sources */ = {isa = PBXBuildFile; fileRef = 46E4D03527F6C0480096D9CB /* User.swift */; };
/* End PBXBuildFile section */

/* Begin PBXFileReference section */
		461DFD4527F6A0A2001ADBE0 /* GroceryItemsUikit.app */ = {isa = PBXFileReference; explicitFileType = wrapper.application; includeInIndex = 0; path = GroceryItemsUikit.app; sourceTree = BUILT_PRODUCTS_DIR; };
		461DFD4827F6A0A2001ADBE0 /* AppDelegate.swift */ = {isa = PBXFileReference; lastKnownFileType = sourcecode.swift; path = AppDelegate.swift; sourceTree = "<group>"; };
		461DFD4A27F6A0A2001ADBE0 /* SceneDelegate.swift */ = {isa = PBXFileReference; lastKnownFileType = sourcecode.swift; path = SceneDelegate.swift; sourceTree = "<group>"; };
		461DFD4F27F6A0A2001ADBE0 /* Base */ = {isa = PBXFileReference; lastKnownFileType = file.storyboard; name = Base; path = Base.lproj/Main.storyboard; sourceTree = "<group>"; };
		461DFD5127F6A0A4001ADBE0 /* Assets.xcassets */ = {isa = PBXFileReference; lastKnownFileType = folder.assetcatalog; path = Assets.xcassets; sourceTree = "<group>"; };
		461DFD5427F6A0A4001ADBE0 /* Base */ = {isa = PBXFileReference; lastKnownFileType = file.storyboard; name = Base; path = Base.lproj/LaunchScreen.storyboard; sourceTree = "<group>"; };
		461DFD5627F6A0A4001ADBE0 /* Info.plist */ = {isa = PBXFileReference; lastKnownFileType = text.plist.xml; path = Info.plist; sourceTree = "<group>"; };
		46E4D02827F6A4D90096D9CB /* LoginVC.swift */ = {isa = PBXFileReference; lastKnownFileType = sourcecode.swift; path = LoginVC.swift; sourceTree = "<group>"; };
		46E4D02B27F6A6B60096D9CB /* ScaleFactor.swift */ = {isa = PBXFileReference; lastKnownFileType = sourcecode.swift; path = ScaleFactor.swift; sourceTree = "<group>"; };
		46E4D02F27F6BB8D0096D9CB /* TextFieldExt.swift */ = {isa = PBXFileReference; lastKnownFileType = sourcecode.swift; path = TextFieldExt.swift; sourceTree = "<group>"; };
		46E4D03127F6BC630096D9CB /* RegisterVC.swift */ = {isa = PBXFileReference; lastKnownFileType = sourcecode.swift; path = RegisterVC.swift; sourceTree = "<group>"; };
		46E4D03327F6C03E0096D9CB /* GroceryItem.swift */ = {isa = PBXFileReference; fileEncoding = 4; lastKnownFileType = sourcecode.swift; path = GroceryItem.swift; sourceTree = "<group>"; };
		46E4D03527F6C0480096D9CB /* User.swift */ = {isa = PBXFileReference; fileEncoding = 4; lastKnownFileType = sourcecode.swift; path = User.swift; sourceTree = "<group>"; };
/* End PBXFileReference section */

/* Begin PBXFrameworksBuildPhase section */
		461DFD4227F6A0A2001ADBE0 /* Frameworks */ = {
			isa = PBXFrameworksBuildPhase;
			buildActionMask = 2147483647;
			files = (
			);
			runOnlyForDeploymentPostprocessing = 0;
		};
/* End PBXFrameworksBuildPhase section */

/* Begin PBXGroup section */
		461DFD3C27F6A0A2001ADBE0 = {
			isa = PBXGroup;
			children = (
				461DFD4727F6A0A2001ADBE0 /* GroceryItemsUikit */,
				461DFD4627F6A0A2001ADBE0 /* Products */,
			);
			sourceTree = "<group>";
		};
		461DFD4627F6A0A2001ADBE0 /* Products */ = {
			isa = PBXGroup;
			children = (
				461DFD4527F6A0A2001ADBE0 /* GroceryItemsUikit.app */,
			);
			name = Products;
			sourceTree = "<group>";
		};
		461DFD4727F6A0A2001ADBE0 /* GroceryItemsUikit */ = {
			isa = PBXGroup;
			children = (
				46E4D02E27F6BB760096D9CB /* Helpers */,
				46E4D02D27F6B5EE0096D9CB /* VC */,
				46E4D02A27F6A6A30096D9CB /* Models */,
				461DFD4827F6A0A2001ADBE0 /* AppDelegate.swift */,
				461DFD4A27F6A0A2001ADBE0 /* SceneDelegate.swift */,
				461DFD4E27F6A0A2001ADBE0 /* Main.storyboard */,
				461DFD5127F6A0A4001ADBE0 /* Assets.xcassets */,
				461DFD5327F6A0A4001ADBE0 /* LaunchScreen.storyboard */,
				461DFD5627F6A0A4001ADBE0 /* Info.plist */,
			);
			path = GroceryItemsUikit;
			sourceTree = "<group>";
		};
		46E4D02A27F6A6A30096D9CB /* Models */ = {
			isa = PBXGroup;
			children = (
				46E4D02B27F6A6B60096D9CB /* ScaleFactor.swift */,
				46E4D03527F6C0480096D9CB /* User.swift */,
				46E4D03327F6C03E0096D9CB /* GroceryItem.swift */,
			);
			path = Models;
			sourceTree = "<group>";
		};
		46E4D02D27F6B5EE0096D9CB /* VC */ = {
			isa = PBXGroup;
			children = (
				46E4D02827F6A4D90096D9CB /* LoginVC.swift */,
				46E4D03127F6BC630096D9CB /* RegisterVC.swift */,
			);
			path = VC;
			sourceTree = "<group>";
		};
		46E4D02E27F6BB760096D9CB /* Helpers */ = {
			isa = PBXGroup;
			children = (
				46E4D02F27F6BB8D0096D9CB /* TextFieldExt.swift */,
			);
			path = Helpers;
			sourceTree = "<group>";
		};
/* End PBXGroup section */

/* Begin PBXNativeTarget section */
		461DFD4427F6A0A2001ADBE0 /* GroceryItemsUikit */ = {
			isa = PBXNativeTarget;
			buildConfigurationList = 461DFD5927F6A0A4001ADBE0 /* Build configuration list for PBXNativeTarget "GroceryItemsUikit" */;
			buildPhases = (
				461DFD4127F6A0A2001ADBE0 /* Sources */,
				461DFD4227F6A0A2001ADBE0 /* Frameworks */,
				461DFD4327F6A0A2001ADBE0 /* Resources */,
			);
			buildRules = (
			);
			dependencies = (
			);
			name = GroceryItemsUikit;
			productName = GroceryItemsUikit;
			productReference = 461DFD4527F6A0A2001ADBE0 /* GroceryItemsUikit.app */;
			productType = "com.apple.product-type.application";
		};
/* End PBXNativeTarget section */

/* Begin PBXProject section */
		461DFD3D27F6A0A2001ADBE0 /* Project object */ = {
			isa = PBXProject;
			attributes = {
				BuildIndependentTargetsInParallel = 1;
				LastSwiftUpdateCheck = 1330;
				LastUpgradeCheck = 1330;
				TargetAttributes = {
					461DFD4427F6A0A2001ADBE0 = {
						CreatedOnToolsVersion = 13.3;
					};
				};
			};
			buildConfigurationList = 461DFD4027F6A0A2001ADBE0 /* Build configuration list for PBXProject "GroceryItemsUikit" */;
			compatibilityVersion = "Xcode 13.0";
			developmentRegion = en;
			hasScannedForEncodings = 0;
			knownRegions = (
				en,
				Base,
			);
			mainGroup = 461DFD3C27F6A0A2001ADBE0;
			productRefGroup = 461DFD4627F6A0A2001ADBE0 /* Products */;
			projectDirPath = "";
			projectRoot = "";
			targets = (
				461DFD4427F6A0A2001ADBE0 /* GroceryItemsUikit */,
			);
		};
/* End PBXProject section */

/* Begin PBXResourcesBuildPhase section */
		461DFD4327F6A0A2001ADBE0 /* Resources */ = {
			isa = PBXResourcesBuildPhase;
			buildActionMask = 2147483647;
			files = (
				461DFD5527F6A0A4001ADBE0 /* LaunchScreen.storyboard in Resources */,
				461DFD5227F6A0A4001ADBE0 /* Assets.xcassets in Resources */,
				461DFD5027F6A0A2001ADBE0 /* Main.storyboard in Resources */,
			);
			runOnlyForDeploymentPostprocessing = 0;
		};
/* End PBXResourcesBuildPhase section */

/* Begin PBXSourcesBuildPhase section */
		461DFD4127F6A0A2001ADBE0 /* Sources */ = {
			isa = PBXSourcesBuildPhase;
			buildActionMask = 2147483647;
			files = (
				46E4D02C27F6A6B60096D9CB /* ScaleFactor.swift in Sources */,
				461DFD4927F6A0A2001ADBE0 /* AppDelegate.swift in Sources */,
				46E4D02927F6A4D90096D9CB /* LoginVC.swift in Sources */,
				46E4D03227F6BC630096D9CB /* RegisterVC.swift in Sources */,
				46E4D03627F6C0480096D9CB /* User.swift in Sources */,
				46E4D03027F6BB8D0096D9CB /* TextFieldExt.swift in Sources */,
				461DFD4B27F6A0A2001ADBE0 /* SceneDelegate.swift in Sources */,
				46E4D03427F6C03E0096D9CB /* GroceryItem.swift in Sources */,
			);
			runOnlyForDeploymentPostprocessing = 0;
		};
/* End PBXSourcesBuildPhase section */

/* Begin PBXVariantGroup section */
		461DFD4E27F6A0A2001ADBE0 /* Main.storyboard */ = {
			isa = PBXVariantGroup;
			children = (
				461DFD4F27F6A0A2001ADBE0 /* Base */,
			);
			name = Main.storyboard;
			sourceTree = "<group>";
		};
		461DFD5327F6A0A4001ADBE0 /* LaunchScreen.storyboard */ = {
			isa = PBXVariantGroup;
			children = (
				461DFD5427F6A0A4001ADBE0 /* Base */,
			);
			name = LaunchScreen.storyboard;
			sourceTree = "<group>";
		};
/* End PBXVariantGroup section */

/* Begin XCBuildConfiguration section */
		461DFD5727F6A0A4001ADBE0 /* Debug */ = {
			isa = XCBuildConfiguration;
			buildSettings = {
				ALWAYS_SEARCH_USER_PATHS = NO;
				CLANG_ANALYZER_NONNULL = YES;
				CLANG_ANALYZER_NUMBER_OBJECT_CONVERSION = YES_AGGRESSIVE;
				CLANG_CXX_LANGUAGE_STANDARD = "gnu++17";
				CLANG_ENABLE_MODULES = YES;
				CLANG_ENABLE_OBJC_ARC = YES;
				CLANG_ENABLE_OBJC_WEAK = YES;
				CLANG_WARN_BLOCK_CAPTURE_AUTORELEASING = YES;
				CLANG_WARN_BOOL_CONVERSION = YES;
				CLANG_WARN_COMMA = YES;
				CLANG_WARN_CONSTANT_CONVERSION = YES;
				CLANG_WARN_DEPRECATED_OBJC_IMPLEMENTATIONS = YES;
				CLANG_WARN_DIRECT_OBJC_ISA_USAGE = YES_ERROR;
				CLANG_WARN_DOCUMENTATION_COMMENTS = YES;
				CLANG_WARN_EMPTY_BODY = YES;
				CLANG_WARN_ENUM_CONVERSION = YES;
				CLANG_WARN_INFINITE_RECURSION = YES;
				CLANG_WARN_INT_CONVERSION = YES;
				CLANG_WARN_NON_LITERAL_NULL_CONVERSION = YES;
				CLANG_WARN_OBJC_IMPLICIT_RETAIN_SELF = YES;
				CLANG_WARN_OBJC_LITERAL_CONVERSION = YES;
				CLANG_WARN_OBJC_ROOT_CLASS = YES_ERROR;
				CLANG_WARN_QUOTED_INCLUDE_IN_FRAMEWORK_HEADER = YES;
				CLANG_WARN_RANGE_LOOP_ANALYSIS = YES;
				CLANG_WARN_STRICT_PROTOTYPES = YES;
				CLANG_WARN_SUSPICIOUS_MOVE = YES;
				CLANG_WARN_UNGUARDED_AVAILABILITY = YES_AGGRESSIVE;
				CLANG_WARN_UNREACHABLE_CODE = YES;
				CLANG_WARN__DUPLICATE_METHOD_MATCH = YES;
				COPY_PHASE_STRIP = NO;
				DEBUG_INFORMATION_FORMAT = dwarf;
				ENABLE_STRICT_OBJC_MSGSEND = YES;
				ENABLE_TESTABILITY = YES;
				GCC_C_LANGUAGE_STANDARD = gnu11;
				GCC_DYNAMIC_NO_PIC = NO;
				GCC_NO_COMMON_BLOCKS = YES;
				GCC_OPTIMIZATION_LEVEL = 0;
				GCC_PREPROCESSOR_DEFINITIONS = (
					"DEBUG=1",
					"$(inherited)",
				);
				GCC_WARN_64_TO_32_BIT_CONVERSION = YES;
				GCC_WARN_ABOUT_RETURN_TYPE = YES_ERROR;
				GCC_WARN_UNDECLARED_SELECTOR = YES;
				GCC_WARN_UNINITIALIZED_AUTOS = YES_AGGRESSIVE;
				GCC_WARN_UNUSED_FUNCTION = YES;
				GCC_WARN_UNUSED_VARIABLE = YES;
				IPHONEOS_DEPLOYMENT_TARGET = 15.4;
				MTL_ENABLE_DEBUG_INFO = INCLUDE_SOURCE;
				MTL_FAST_MATH = YES;
				ONLY_ACTIVE_ARCH = YES;
				SDKROOT = iphoneos;
				SWIFT_ACTIVE_COMPILATION_CONDITIONS = DEBUG;
				SWIFT_OPTIMIZATION_LEVEL = "-Onone";
			};
			name = Debug;
		};
		461DFD5827F6A0A4001ADBE0 /* Release */ = {
			isa = XCBuildConfiguration;
			buildSettings = {
				ALWAYS_SEARCH_USER_PATHS = NO;
				CLANG_ANALYZER_NONNULL = YES;
				CLANG_ANALYZER_NUMBER_OBJECT_CONVERSION = YES_AGGRESSIVE;
				CLANG_CXX_LANGUAGE_STANDARD = "gnu++17";
				CLANG_ENABLE_MODULES = YES;
				CLANG_ENABLE_OBJC_ARC = YES;
				CLANG_ENABLE_OBJC_WEAK = YES;
				CLANG_WARN_BLOCK_CAPTURE_AUTORELEASING = YES;
				CLANG_WARN_BOOL_CONVERSION = YES;
				CLANG_WARN_COMMA = YES;
				CLANG_WARN_CONSTANT_CONVERSION = YES;
				CLANG_WARN_DEPRECATED_OBJC_IMPLEMENTATIONS = YES;
				CLANG_WARN_DIRECT_OBJC_ISA_USAGE = YES_ERROR;
				CLANG_WARN_DOCUMENTATION_COMMENTS = YES;
				CLANG_WARN_EMPTY_BODY = YES;
				CLANG_WARN_ENUM_CONVERSION = YES;
				CLANG_WARN_INFINITE_RECURSION = YES;
				CLANG_WARN_INT_CONVERSION = YES;
				CLANG_WARN_NON_LITERAL_NULL_CONVERSION = YES;
				CLANG_WARN_OBJC_IMPLICIT_RETAIN_SELF = YES;
				CLANG_WARN_OBJC_LITERAL_CONVERSION = YES;
				CLANG_WARN_OBJC_ROOT_CLASS = YES_ERROR;
				CLANG_WARN_QUOTED_INCLUDE_IN_FRAMEWORK_HEADER = YES;
				CLANG_WARN_RANGE_LOOP_ANALYSIS = YES;
				CLANG_WARN_STRICT_PROTOTYPES = YES;
				CLANG_WARN_SUSPICIOUS_MOVE = YES;
				CLANG_WARN_UNGUARDED_AVAILABILITY = YES_AGGRESSIVE;
				CLANG_WARN_UNREACHABLE_CODE = YES;
				CLANG_WARN__DUPLICATE_METHOD_MATCH = YES;
				COPY_PHASE_STRIP = NO;
				DEBUG_INFORMATION_FORMAT = "dwarf-with-dsym";
				ENABLE_NS_ASSERTIONS = NO;
				ENABLE_STRICT_OBJC_MSGSEND = YES;
				GCC_C_LANGUAGE_STANDARD = gnu11;
				GCC_NO_COMMON_BLOCKS = YES;
				GCC_WARN_64_TO_32_BIT_CONVERSION = YES;
				GCC_WARN_ABOUT_RETURN_TYPE = YES_ERROR;
				GCC_WARN_UNDECLARED_SELECTOR = YES;
				GCC_WARN_UNINITIALIZED_AUTOS = YES_AGGRESSIVE;
				GCC_WARN_UNUSED_FUNCTION = YES;
				GCC_WARN_UNUSED_VARIABLE = YES;
				IPHONEOS_DEPLOYMENT_TARGET = 15.4;
				MTL_ENABLE_DEBUG_INFO = NO;
				MTL_FAST_MATH = YES;
				SDKROOT = iphoneos;
				SWIFT_COMPILATION_MODE = wholemodule;
				SWIFT_OPTIMIZATION_LEVEL = "-O";
				VALIDATE_PRODUCT = YES;
			};
			name = Release;
		};
		461DFD5A27F6A0A4001ADBE0 /* Debug */ = {
			isa = XCBuildConfiguration;
			buildSettings = {
				ASSETCATALOG_COMPILER_APPICON_NAME = AppIcon;
				ASSETCATALOG_COMPILER_GLOBAL_ACCENT_COLOR_NAME = AccentColor;
				CODE_SIGN_STYLE = Automatic;
				CURRENT_PROJECT_VERSION = 1;
				DEVELOPMENT_TEAM = JJ2P43A6R8;
				GENERATE_INFOPLIST_FILE = YES;
				INFOPLIST_FILE = GroceryItemsUikit/Info.plist;
				INFOPLIST_KEY_UIApplicationSupportsIndirectInputEvents = YES;
				INFOPLIST_KEY_UILaunchStoryboardName = LaunchScreen;
				INFOPLIST_KEY_UISupportedInterfaceOrientations = UIInterfaceOrientationPortrait;
				INFOPLIST_KEY_UISupportedInterfaceOrientations_iPad = "UIInterfaceOrientationPortrait UIInterfaceOrientationPortraitUpsideDown UIInterfaceOrientationLandscapeLeft UIInterfaceOrientationLandscapeRight";
				INFOPLIST_KEY_UISupportedInterfaceOrientations_iPhone = "UIInterfaceOrientationPortrait UIInterfaceOrientationLandscapeLeft UIInterfaceOrientationLandscapeRight";
				LD_RUNPATH_SEARCH_PATHS = (
					"$(inherited)",
					"@executable_path/Frameworks",
				);
				MARKETING_VERSION = 1.0;
				PRODUCT_BUNDLE_IDENTIFIER = Ramy.GroceryItemsUiki;
				PRODUCT_NAME = "$(TARGET_NAME)";
				SWIFT_EMIT_LOC_STRINGS = YES;
				SWIFT_VERSION = 5.0;
				TARGETED_DEVICE_FAMILY = "1,2";
			};
			name = Debug;
		};
		461DFD5B27F6A0A4001ADBE0 /* Release */ = {
			isa = XCBuildConfiguration;
			buildSettings = {
				ASSETCATALOG_COMPILER_APPICON_NAME = AppIcon;
				ASSETCATALOG_COMPILER_GLOBAL_ACCENT_COLOR_NAME = AccentColor;
				CODE_SIGN_STYLE = Automatic;
				CURRENT_PROJECT_VERSION = 1;
				DEVELOPMENT_TEAM = JJ2P43A6R8;
				GENERATE_INFOPLIST_FILE = YES;
				INFOPLIST_FILE = GroceryItemsUikit/Info.plist;
				INFOPLIST_KEY_UIApplicationSupportsIndirectInputEvents = YES;
				INFOPLIST_KEY_UILaunchStoryboardName = LaunchScreen;
				INFOPLIST_KEY_UISupportedInterfaceOrientations = UIInterfaceOrientationPortrait;
				INFOPLIST_KEY_UISupportedInterfaceOrientations_iPad = "UIInterfaceOrientationPortrait UIInterfaceOrientationPortraitUpsideDown UIInterfaceOrientationLandscapeLeft UIInterfaceOrientationLandscapeRight";
				INFOPLIST_KEY_UISupportedInterfaceOrientations_iPhone = "UIInterfaceOrientationPortrait UIInterfaceOrientationLandscapeLeft UIInterfaceOrientationLandscapeRight";
				LD_RUNPATH_SEARCH_PATHS = (
					"$(inherited)",
					"@executable_path/Frameworks",
				);
				MARKETING_VERSION = 1.0;
				PRODUCT_BUNDLE_IDENTIFIER = Ramy.GroceryItemsUiki;
				PRODUCT_NAME = "$(TARGET_NAME)";
				SWIFT_EMIT_LOC_STRINGS = YES;
				SWIFT_VERSION = 5.0;
				TARGETED_DEVICE_FAMILY = "1,2";
			};
			name = Release;
		};
/* End XCBuildConfiguration section */

/* Begin XCConfigurationList section */
		461DFD4027F6A0A2001ADBE0 /* Build configuration list for PBXProject "GroceryItemsUikit" */ = {
			isa = XCConfigurationList;
			buildConfigurations = (
				461DFD5727F6A0A4001ADBE0 /* Debug */,
				461DFD5827F6A0A4001ADBE0 /* Release */,
			);
			defaultConfigurationIsVisible = 0;
			defaultConfigurationName = Release;
		};
		461DFD5927F6A0A4001ADBE0 /* Build configuration list for PBXNativeTarget "GroceryItemsUikit" */ = {
			isa = XCConfigurationList;
			buildConfigurations = (
				461DFD5A27F6A0A4001ADBE0 /* Debug */,
				461DFD5B27F6A0A4001ADBE0 /* Release */,
			);
			defaultConfigurationIsVisible = 0;
			defaultConfigurationName = Release;
		};
/* End XCConfigurationList section */
	};
	rootObject = 461DFD3D27F6A0A2001ADBE0 /* Project object */;
}
